
Microsoft Visual Studio Solution File, Format Version 11.00
# Visual Studio 2010
Project("{FAE04EC0-301F-11D3-BF4B-00C04F79EFBC}") = "GardenWars", "Assembly-CSharp.csproj", "{CC922755-5A09-725D-4261-997D5A891BE4}"
EndProject
Global
	GlobalSection(SolutionConfigurationPlatforms) = preSolution
		Debug|Any CPU = Debug|Any CPU
		Release|Any CPU = Release|Any CPU
	EndGlobalSection
	GlobalSection(ProjectConfigurationPlatforms) = postSolution
		{CC922755-5A09-725D-4261-997D5A891BE4}.Debug|Any CPU.ActiveCfg = Debug|Any CPU
		{CC922755-5A09-725D-4261-997D5A891BE4}.Debug|Any CPU.Build.0 = Debug|Any CPU
		{CC922755-5A09-725D-4261-997D5A891BE4}.Release|Any CPU.ActiveCfg = Release|Any CPU
		{CC922755-5A09-725D-4261-997D5A891BE4}.Release|Any CPU.Build.0 = Release|Any CPU
	EndGlobalSection
	GlobalSection(SolutionProperties) = preSolution
		HideSolutionNode = FALSE
	EndGlobalSection
	GlobalSection(MonoDevelopProperties) = preSolution
		StartupItem = Assembly-CSharp.csproj
	EndGlobalSection
EndGlobal
